hash: 0a7b748b1a31f1cde3d58690bc8fa5967854faf943d1328abbc76f5019e15a42
updated: 2017-12-04T17:09:23.161749846+01:00
imports:
- name: github.com/coreos/etcd
  version: bc9ddf260115d2680191c46977ae72b837785472
  subpackages:
  - Godeps/_workspace/src/github.com/ugorji/go/codec
  - Godeps/_workspace/src/golang.org/x/net/context
  - client
  - pkg/pathutil
  - pkg/types
- name: github.com/davecgh/go-spew
  version: 6d212800a42e8ab5c146b8ace3490ee17e5225f9
  subpackages:
  - spew
- name: github.com/docker/leadership
  version: bfc7753dd48af19513b29deec23c364bf0f274eb
- name: github.com/docker/libkv
  version: aabc039ad04deb721e234f99cd1b4aa28ac71a40
  subpackages:
  - store
  - store/consul
  - store/etcd
- name: github.com/ghodss/yaml
  version: 73d445a93680fa1a78ae23a5839bad48f32ba1ee
- name: github.com/gorilla/mux
  version: 0eeaf8392f5b04950925b8a69fe70f110fa7cbfc
- name: github.com/hashicorp/consul
  version: daacc4be8bee214e3fc4b32a6dd385f5ef1b4c36
  subpackages:
  - api
- name: github.com/hashicorp/go-cleanhttp
  version: 875fb671b3ddc66f8e2f0acc33829c8cb989a38d
- name: github.com/hashicorp/serf
  version: e4ec8cc423bbe20d26584b96efbeb9102e16d05f
  subpackages:
  - coordinate
- name: github.com/inconshreveable/mousetrap
  version: 76626ae9c91c4f2a10f34cad8ce83ea42c93bb75
- name: github.com/jmoiron/jsonq
  version: e874b168d07ecc7808bc950a17998a8aa3141d82
- name: github.com/kballard/go-shellquote
  version: e5c918b80c17694cbc49aab32a759f9a40067f5d
- name: github.com/kr/pty
  version: f7ee69f31298ecbe5d2b349c711e2547a617d398
- name: github.com/lib/pq
  version: 50761b0867bd1d9d069276790bcd4a3bccf2324a
  subpackages:
  - oid
- name: github.com/mitchellh/copystructure
  version: 5af94aef99f597e6a9e1f6ac6be6ce0f3c96b49d
- name: github.com/mitchellh/reflectwalk
  version: 63d60e9d0dbc60cf9164e6510889b0db6683d98c
- name: github.com/satori/go.uuid
  version: 879c5887cd475cd7864858769793b2ceb0d44feb
- name: github.com/sgotti/gexpect
  version: 0afc6c19f50a08b5f97f8c75f4b417f496d92377
- name: github.com/sorintlab/pollon
  version: 1475a2b4526829d0116cfd537cc8e9d9375035a9
- name: github.com/sorintlab/tcpkeepalive
  version: 8716b4a83184cc5801cfb46aab5cdfaa87a51dae
- name: github.com/spf13/cobra
  version: de2d9c4eca8f3c1de17d48b096b6504e0296f003
- name: github.com/spf13/pflag
  version: e57e3eeb33f795204c1ca35f56c44f83227c6e66
- name: github.com/ugorji/go
  version: f1f1a805ed361a0e078bb537e4ea78cd37dcf065
  subpackages:
  - codec
- name: go.uber.org/atomic
  version: 8474b86a5a6f79c443ce4b2992817ff32cf208b8
- name: go.uber.org/zap
  version: 9cabc84638b70e564c3dab2766efcb1ded2aac9f
  subpackages:
  - buffer
  - internal/bufferpool
  - internal/color
  - internal/exit
  - internal/multierror
  - zapcore
- name: golang.org/x/net
  version: 9313baa13d9262e49d07b20ed57dceafcd7240cc
  subpackages:
  - context
- name: gopkg.in/yaml.v2
  version: a83829b6f1293c91addabc89d0571c246397bbf4
- name: k8s.io/kubernetes
  version: 283137936a498aed572ee22af6774b6fb6e9fd94
  subpackages:
  - pkg/util/json
  - pkg/util/strategicpatch
  - third_party/forked/json
testImports: []
