# This file is autogenerated, do not edit; changes may be undone by the next 'dep ensure'.


[[projects]]
  name = "github.com/coreos/etcd"
  packages = [
    "auth/authpb",
    "client",
    "clientv3",
    "clientv3/concurrency",
    "etcdserver/api/v3rpc/rpctypes",
    "etcdserver/etcdserverpb",
    "mvcc/mvccpb",
    "pkg/pathutil",
    "pkg/srv",
    "pkg/types",
    "version"
  ]
  revision = "1e1dbb23924672c6cd72c62ee0db2b45f778da71"
  version = "v3.2.11"

[[projects]]
  name = "github.com/coreos/go-semver"
  packages = ["semver"]
  revision = "d043ae190b3202550d026daf009359bb5d761672"

[[projects]]
  name = "github.com/davecgh/go-spew"
  packages = ["spew"]
  revision = "6d212800a42e8ab5c146b8ace3490ee17e5225f9"

[[projects]]
  name = "github.com/docker/leadership"
  packages = ["."]
  revision = "bfc7753dd48af19513b29deec23c364bf0f274eb"
  version = "v0.1.0"

[[projects]]
  name = "github.com/docker/libkv"
  packages = [
    ".",
    "store",
    "store/consul",
    "store/etcd"
  ]
  revision = "aabc039ad04deb721e234f99cd1b4aa28ac71a40"
  version = "v0.2.1"

[[projects]]
  name = "github.com/ghodss/yaml"
  packages = ["."]
  revision = "73d445a93680fa1a78ae23a5839bad48f32ba1ee"

[[projects]]
  name = "github.com/golang/protobuf"
  packages = [
    "proto",
    "protoc-gen-go/descriptor",
    "ptypes",
    "ptypes/any",
    "ptypes/duration",
    "ptypes/timestamp"
  ]
  revision = "1e59b77b52bf8e4b449a57e6f79f21226d571845"

[[projects]]
  name = "github.com/hashicorp/consul"
  packages = ["api"]
  revision = "b55059fc3d0327c92c41431e57dfd2df3f956b03"
  version = "v1.0.2"

[[projects]]
  name = "github.com/hashicorp/go-cleanhttp"
  packages = ["."]
  revision = "875fb671b3ddc66f8e2f0acc33829c8cb989a38d"

[[projects]]
  branch = "master"
  name = "github.com/hashicorp/go-rootcerts"
  packages = ["."]
  revision = "6bb64b370b90e7ef1fa532be9e591a81c3493e00"

[[projects]]
  name = "github.com/hashicorp/serf"
  packages = ["coordinate"]
  revision = "e4ec8cc423bbe20d26584b96efbeb9102e16d05f"

[[projects]]
  name = "github.com/inconshreveable/mousetrap"
  packages = ["."]
  revision = "76626ae9c91c4f2a10f34cad8ce83ea42c93bb75"
  version = "v1.0"

[[projects]]
  name = "github.com/kballard/go-shellquote"
  packages = ["."]
  revision = "e5c918b80c17694cbc49aab32a759f9a40067f5d"

[[projects]]
  name = "github.com/kr/pty"
  packages = ["."]
  revision = "f7ee69f31298ecbe5d2b349c711e2547a617d398"

[[projects]]
  name = "github.com/lib/pq"
  packages = [
    ".",
    "oid"
  ]
  revision = "50761b0867bd1d9d069276790bcd4a3bccf2324a"

[[projects]]
  name = "github.com/mattn/go-isatty"
  packages = ["."]
  revision = "0360b2af4f38e8d38c7fce2a9f4e702702d73a39"
  version = "v0.0.3"

[[projects]]
  name = "github.com/mitchellh/copystructure"
  packages = ["."]
  revision = "5af94aef99f597e6a9e1f6ac6be6ce0f3c96b49d"

[[projects]]
  branch = "master"
  name = "github.com/mitchellh/go-homedir"
  packages = ["."]
  revision = "b8bc1bf767474819792c23f32d8286a45736f1c6"

[[projects]]
  branch = "master"
  name = "github.com/mitchellh/reflectwalk"
  packages = ["."]
  revision = "63d60e9d0dbc60cf9164e6510889b0db6683d98c"

[[projects]]
  name = "github.com/satori/go.uuid"
  packages = ["."]
  revision = "879c5887cd475cd7864858769793b2ceb0d44feb"
  version = "v1.1.0"

[[projects]]
  branch = "master"
  name = "github.com/sgotti/gexpect"
  packages = ["."]
  revision = "0afc6c19f50a08b5f97f8c75f4b417f496d92377"

[[projects]]
  branch = "master"
  name = "github.com/sorintlab/pollon"
  packages = ["."]
  revision = "1475a2b4526829d0116cfd537cc8e9d9375035a9"

[[projects]]
  name = "github.com/sorintlab/tcpkeepalive"
  packages = ["."]
  revision = "0271421a7885b8f13783b676b75bbc18aefb2861"
  version = "v0.2.0"

[[projects]]
  name = "github.com/spf13/cobra"
  packages = ["."]
  revision = "de2d9c4eca8f3c1de17d48b096b6504e0296f003"

[[projects]]
  name = "github.com/spf13/pflag"
  packages = ["."]
  revision = "e57e3eeb33f795204c1ca35f56c44f83227c6e66"
  version = "v1.0.0"

[[projects]]
  name = "github.com/ugorji/go"
  packages = ["codec"]
  revision = "f1f1a805ed361a0e078bb537e4ea78cd37dcf065"

[[projects]]
  name = "go.uber.org/atomic"
  packages = ["."]
  revision = "8474b86a5a6f79c443ce4b2992817ff32cf208b8"
  version = "v1.3.1"

[[projects]]
  name = "go.uber.org/zap"
  packages = [
    ".",
    "buffer",
    "internal/bufferpool",
    "internal/color",
    "internal/exit",
    "internal/multierror",
    "zapcore"
  ]
  revision = "9cabc84638b70e564c3dab2766efcb1ded2aac9f"
  version = "v1.4.1"

[[projects]]
  name = "golang.org/x/net"
  packages = [
    "context",
    "http2",
    "http2/hpack",
    "idna",
    "internal/timeseries",
    "lex/httplex",
    "trace"
  ]
  revision = "66aacef3dd8a676686c7ae3716979581e8b03c47"

[[projects]]
  name = "golang.org/x/sys"
  packages = ["unix"]
  revision = "af50095a40f9041b3b38960738837185c26e9419"

[[projects]]
  name = "golang.org/x/text"
  packages = [
    "internal/gen",
    "internal/triegen",
    "internal/ucd",
    "secure/bidirule",
    "transform",
    "unicode/bidi",
    "unicode/cldr",
    "unicode/norm",
    "unicode/rangetable"
  ]
  revision = "4ee4af566555f5fbe026368b75596286a312663a"

[[projects]]
  name = "google.golang.org/genproto"
  packages = [
    "googleapis/api/annotations",
    "googleapis/rpc/status"
  ]
  revision = "09f6ed296fc66555a25fe4ce95173148778dfa85"

[[projects]]
  name = "google.golang.org/grpc"
  packages = [
    ".",
    "balancer",
    "codes",
    "connectivity",
    "credentials",
    "grpclb/grpc_lb_v1/messages",
    "grpclog",
    "health/grpc_health_v1",
    "internal",
    "keepalive",
    "metadata",
    "naming",
    "peer",
    "resolver",
    "stats",
    "status",
    "tap",
    "transport"
  ]
  revision = "5b3c4e850e90a4cf6a20ebd46c8b32a0a3afcb9e"
  version = "v1.7.5"

[[projects]]
  name = "gopkg.in/yaml.v2"
  packages = ["."]
  revision = "a83829b6f1293c91addabc89d0571c246397bbf4"

[[projects]]
  name = "k8s.io/kubernetes"
  packages = [
    "pkg/util/json",
    "pkg/util/strategicpatch",
    "third_party/forked/json"
  ]
  revision = "283137936a498aed572ee22af6774b6fb6e9fd94"
  version = "v1.3.0"

[solve-meta]
  analyzer-name = "dep"
  analyzer-version = 1
  inputs-digest = "c2307dc68554fcd33bc0dda0f67aa144b73b9554d67b66842b32a90b22da2f9c"
  solver-name = "gps-cdcl"
  solver-version = 1
